<?xml version="1.0" encoding="utf-8"?>
<Project ToolsVersion="4.0" xmlns="http://schemas.microsoft.com/developer/msbuild/2003">
  <ItemGroup>
    <Filter Include="99.Defines">
      <UniqueIdentifier>{127f9ffa-dbe3-48d8-8f90-d9f2f940dde9}</UniqueIdentifier>
    </Filter>
    <Filter Include="98.Default">
      <UniqueIdentifier>{3a02a7f2-f122-4e3f-ba73-7c184c26e2ca}</UniqueIdentifier>
    </Filter>
    <Filter Include="00.MainApp">
      <UniqueIdentifier>{846a7fd6-9bff-46df-a0df-d53f7bc7bf25}</UniqueIdentifier>
    </Filter>
    <Filter Include="01.Levels">
      <UniqueIdentifier>{e376087f-2316-4210-923f-73ce86c4f3fa}</UniqueIdentifier>
    </Filter>
    <Filter Include="02.GameObject">
      <UniqueIdentifier>{7ef2d9ce-ece3-4860-9e4f-84f6fb56200b}</UniqueIdentifier>
    </Filter>
    <Filter Include="03.Mouse">
      <UniqueIdentifier>{22e28144-0102-4609-9f9e-e6c0be621428}</UniqueIdentifier>
    </Filter>
    <Filter Include="02.GameObject\03.BackGround">
      <UniqueIdentifier>{9f91e1df-e215-4151-8805-e3414e76dade}</UniqueIdentifier>
    </Filter>
    <Filter Include="02.GameObject\03.BackGround\Sky">
      <UniqueIdentifier>{a2194b4b-fa7c-47c2-a338-0078656411e8}</UniqueIdentifier>
    </Filter>
    <Filter Include="02.GameObject\03.BackGround\Terrain">
      <UniqueIdentifier>{766736ac-cf5c-45ad-94f6-40d5bd86f420}</UniqueIdentifier>
    </Filter>
    <Filter Include="02.GameObject\98.UI">
      <UniqueIdentifier>{d9d4e8eb-8704-4d4b-b177-4121e1b49c59}</UniqueIdentifier>
    </Filter>
    <Filter Include="02.GameObject\97.ParticleSystem">
      <UniqueIdentifier>{da06bbbb-a8ee-42e5-9bc3-34e327ef0722}</UniqueIdentifier>
    </Filter>
    <Filter Include="02.GameObject\97.ParticleSystem\Particle">
      <UniqueIdentifier>{ef740baf-e7af-4f22-8370-5303e7b5176f}</UniqueIdentifier>
    </Filter>
    <Filter Include="02.GameObject\98.UI\00. Player State">
      <UniqueIdentifier>{4e5529b9-e672-4888-92ca-99c1d214b400}</UniqueIdentifier>
    </Filter>
    <Filter Include="02.GameObject\98.UI\00. Player State\PlayerMentality">
      <UniqueIdentifier>{2e42577c-a502-484f-b8e5-c72f548bafae}</UniqueIdentifier>
    </Filter>
    <Filter Include="02.GameObject\98.UI\00. Player State\Playerhunger">
      <UniqueIdentifier>{64733c64-827d-43a7-922b-f68e5e8f330a}</UniqueIdentifier>
    </Filter>
    <Filter Include="02.GameObject\98.UI\00. Player State\Playerhp">
      <UniqueIdentifier>{b7a321ea-c5a7-4fba-912a-3ec0f1ffff5b}</UniqueIdentifier>
    </Filter>
    <Filter Include="02.GameObject\98.UI\01. Inventory">
      <UniqueIdentifier>{f59ecfce-7a20-45a1-9070-bcbd8ff0d307}</UniqueIdentifier>
    </Filter>
    <Filter Include="02.GameObject\98.UI\01. Inventory\Main">
      <UniqueIdentifier>{e61b4a87-3245-45a9-8696-279396e7c854}</UniqueIdentifier>
    </Filter>
    <Filter Include="02.GameObject\98.UI\01. Inventory\Bag">
      <UniqueIdentifier>{edefeb94-8027-481c-b704-d847cac5fb2f}</UniqueIdentifier>
    </Filter>
    <Filter Include="02.GameObject\98.UI\01. Inventory\Equipment">
      <UniqueIdentifier>{e8f03b03-4f9a-487f-a9c2-3855a5511740}</UniqueIdentifier>
    </Filter>
    <Filter Include="02.GameObject\98.UI\01. Inventory\Manager">
      <UniqueIdentifier>{0ce27845-1f05-42f5-9b8a-42171989412e}</UniqueIdentifier>
    </Filter>
    <Filter Include="04.PickingMgr">
      <UniqueIdentifier>{80208a1b-95a2-4ca8-8dc2-20edd667da03}</UniqueIdentifier>
    </Filter>
    <Filter Include="02.GameObject\98.UI\02.Toolbox">
      <UniqueIdentifier>{0120c8c6-e2e0-4f10-988a-c10eb96fae86}</UniqueIdentifier>
    </Filter>
    <Filter Include="02.GameObject\98.UI\02.Toolbox\00.MainToolbox">
      <UniqueIdentifier>{2a9ee06d-8c4c-4c91-94a0-4c54b812c3a6}</UniqueIdentifier>
    </Filter>
    <Filter Include="02.GameObject\98.UI\02.Toolbox\01.GatherToolbox">
      <UniqueIdentifier>{efea9d00-707f-4d78-a85a-7011c7cf155c}</UniqueIdentifier>
    </Filter>
    <Filter Include="02.GameObject\98.UI\03.Craft">
      <UniqueIdentifier>{ff25ab13-96f1-4752-a952-2998b210305c}</UniqueIdentifier>
    </Filter>
    <Filter Include="02.GameObject\98.UI\04.Quest">
      <UniqueIdentifier>{cceba926-7160-4224-b6cc-d3650f2612ec}</UniqueIdentifier>
    </Filter>
    <Filter Include="02.GameObject\98.UI\05.DayCount">
      <UniqueIdentifier>{93876a52-3e5c-47e7-9aea-6a9150c1bb6e}</UniqueIdentifier>
    </Filter>
    <Filter Include="02.GameObject\98.UI\06.Talk">
      <UniqueIdentifier>{248283f7-9c53-45f5-9e12-27e6462a94bd}</UniqueIdentifier>
    </Filter>
    <Filter Include="02.GameObject\98.UI\07.Loadingscene">
      <UniqueIdentifier>{6d32a457-48d4-48b9-ac75-00aaeded858c}</UniqueIdentifier>
    </Filter>
    <Filter Include="02.GameObject\98.UI\08.LogoScene">
      <UniqueIdentifier>{ad3553bd-a2d2-447c-9b5d-4056546f163e}</UniqueIdentifier>
    </Filter>
    <Filter Include="02.GameObject\98.UI\02.Toolbox\02.WeaponToolbox">
      <UniqueIdentifier>{42130d4b-f387-4555-8a97-c6a7d3bf4b64}</UniqueIdentifier>
    </Filter>
    <Filter Include="02.GameObject\98.UI\02.Toolbox\03.ConstructToolbox">
      <UniqueIdentifier>{87e92ec8-6dd8-4460-b23b-91b91e54e15f}</UniqueIdentifier>
    </Filter>
    <Filter Include="02.GameObject\98.UI\09.Pot">
      <UniqueIdentifier>{86bb6014-7dd9-497c-bfb4-5acb09504ded}</UniqueIdentifier>
    </Filter>
    <Filter Include="97.BeHavior_Tree">
      <UniqueIdentifier>{135c86d0-bf70-4ac6-88dc-d15f11ca00fd}</UniqueIdentifier>
    </Filter>
    <Filter Include="97.BeHavior_Tree\01.BT_NPC">
      <UniqueIdentifier>{de601f57-3fdb-4438-8e76-aa3a85f8c86a}</UniqueIdentifier>
    </Filter>
    <Filter Include="02.GameObject\98.UI\02.Toolbox\04.MaterialToolbox">
      <UniqueIdentifier>{b90caa5e-ff37-4d35-bc94-4f7dca98e450}</UniqueIdentifier>
    </Filter>
    <Filter Include="02.GameObject\98.UI\11.DeadUI">
      <UniqueIdentifier>{75b2421f-4ff6-41cd-8eb5-e4a6f788f651}</UniqueIdentifier>
    </Filter>
    <Filter Include="02.GameObject\98.UI\10.Eateffect">
      <UniqueIdentifier>{2accb40e-9c59-45c5-8192-2abe12a9d912}</UniqueIdentifier>
    </Filter>
    <Filter Include="02.GameObject\05.UnInteractive_Object">
      <UniqueIdentifier>{c16eb5c4-d616-4ea7-9fef-4a5f5a21b25c}</UniqueIdentifier>
    </Filter>
    <Filter Include="02.GameObject\05.UnInteractive_Object\House">
      <UniqueIdentifier>{1688b5e8-f44a-470b-8d20-d55b1312b758}</UniqueIdentifier>
    </Filter>
    <Filter Include="02.GameObject\05.UnInteractive_Object\Wall">
      <UniqueIdentifier>{acb02a53-95d5-496e-aa08-6e2785f27157}</UniqueIdentifier>
    </Filter>
    <Filter Include="02.GameObject\05.UnInteractive_Object\OtherDecoObject">
      <UniqueIdentifier>{ed772d46-c6be-4144-97e8-935b8df75ff6}</UniqueIdentifier>
    </Filter>
    <Filter Include="02.GameObject\98.UI\12.Poteffect">
      <UniqueIdentifier>{542e39b6-6deb-4710-b8c8-e56ff05c1b83}</UniqueIdentifier>
    </Filter>
    <Filter Include="01.Levels\00. Loading">
      <UniqueIdentifier>{d0295cc5-86a0-4de0-bd55-3e301366d030}</UniqueIdentifier>
    </Filter>
    <Filter Include="01.Levels\00. Loading\Loader">
      <UniqueIdentifier>{51a8caee-15f6-46ec-a7c4-fc3ba8214797}</UniqueIdentifier>
    </Filter>
    <Filter Include="01.Levels\01. Logo">
      <UniqueIdentifier>{9cd4d860-6255-46f1-8974-5088a1d359cd}</UniqueIdentifier>
    </Filter>
    <Filter Include="01.Levels\02. GamePlay">
      <UniqueIdentifier>{66f494b9-9924-420d-b47d-fe913d73777b}</UniqueIdentifier>
    </Filter>
    <Filter Include="01.Levels\03. Hunt">
      <UniqueIdentifier>{24b4e663-6c81-49b4-9f0d-0b5671f9aa93}</UniqueIdentifier>
    </Filter>
    <Filter Include="01.Levels\04. Maze">
      <UniqueIdentifier>{8a7dd78d-d620-429d-9fb0-8ffcc3d56aea}</UniqueIdentifier>
    </Filter>
    <Filter Include="01.Levels\05. Boss">
      <UniqueIdentifier>{5991c2dd-ca0b-4829-8a45-26ad1b7738ba}</UniqueIdentifier>
    </Filter>
    <Filter Include="02.GameObject\00. Pawn">
      <UniqueIdentifier>{38c179d6-78e1-41ee-8077-a302b162f100}</UniqueIdentifier>
    </Filter>
    <Filter Include="02.GameObject\00. Pawn\04.Interactive_Object">
      <UniqueIdentifier>{52574d39-d2d4-4693-aa57-e50a3b1fd890}</UniqueIdentifier>
    </Filter>
    <Filter Include="02.GameObject\00. Pawn\04.Interactive_Object\Boulder">
      <UniqueIdentifier>{6221d872-9563-42ff-8ea3-17b1ed0ad709}</UniqueIdentifier>
    </Filter>
    <Filter Include="02.GameObject\00. Pawn\04.Interactive_Object\Grass">
      <UniqueIdentifier>{f8894d0b-65b2-404a-9db2-d23f0476fe57}</UniqueIdentifier>
    </Filter>
    <Filter Include="02.GameObject\00. Pawn\04.Interactive_Object\Item">
      <UniqueIdentifier>{715ff672-5fe2-4be2-b9f8-37e47a3991cd}</UniqueIdentifier>
    </Filter>
    <Filter Include="02.GameObject\00. Pawn\04.Interactive_Object\Tree">
      <UniqueIdentifier>{2346487a-7d5d-4f93-80ff-5dc4b98ec1dc}</UniqueIdentifier>
    </Filter>
    <Filter Include="02.GameObject\00. Pawn\04.Interactive_Object\Berry Bush">
      <UniqueIdentifier>{3218fc99-aa20-40ce-b2c6-3740becc227a}</UniqueIdentifier>
    </Filter>
    <Filter Include="02.GameObject\00. Pawn\04.Interactive_Object\Cook Pot">
      <UniqueIdentifier>{9c2b6c2b-1a07-4118-9dd6-6f4fef787694}</UniqueIdentifier>
    </Filter>
    <Filter Include="02.GameObject\00. Pawn\04.Interactive_Object\Tent">
      <UniqueIdentifier>{4726c1eb-606d-4c1c-ad66-3954ebea0224}</UniqueIdentifier>
    </Filter>
    <Filter Include="02.GameObject\00. Pawn\04.Interactive_Object\Skeleton">
      <UniqueIdentifier>{c645df63-ccfe-430e-9d23-33a5671fbf7b}</UniqueIdentifier>
    </Filter>
    <Filter Include="02.GameObject\00. Pawn\04.Interactive_Object\NPC">
      <UniqueIdentifier>{660946ff-ce1d-4dbc-8ea1-71cf29e5d955}</UniqueIdentifier>
    </Filter>
    <Filter Include="02.GameObject\00. Pawn\04.Interactive_Object\NPC\Wendy">
      <UniqueIdentifier>{01947dbe-6ca9-4f59-9f6d-89489c9e439a}</UniqueIdentifier>
    </Filter>
    <Filter Include="02.GameObject\00. Pawn\04.Interactive_Object\NPC\Pig King">
      <UniqueIdentifier>{7a569719-d033-4a90-bd6a-eecfe70825a6}</UniqueIdentifier>
    </Filter>
    <Filter Include="02.GameObject\00. Pawn\04.Interactive_Object\Carrot">
      <UniqueIdentifier>{7fd7269d-23a0-4609-9e31-b739e1ac2c8e}</UniqueIdentifier>
    </Filter>
    <Filter Include="02.GameObject\00. Pawn\04.Interactive_Object\96.Portal">
      <UniqueIdentifier>{25f28f92-6d93-4113-890e-d8d88a2fac6d}</UniqueIdentifier>
    </Filter>
    <Filter Include="02.GameObject\00. Pawn\01.Monster">
      <UniqueIdentifier>{04b114f1-fbdb-4517-a19d-e416023815d1}</UniqueIdentifier>
    </Filter>
    <Filter Include="02.GameObject\00. Pawn\01.Monster\Pig">
      <UniqueIdentifier>{c2ba77b3-594b-4b1e-b0f8-323d91d764ce}</UniqueIdentifier>
    </Filter>
    <Filter Include="02.GameObject\00. Pawn\01.Monster\Spider">
      <UniqueIdentifier>{2245b0c7-c591-466d-b491-b61ae6bd9526}</UniqueIdentifier>
    </Filter>
    <Filter Include="02.GameObject\00. Pawn\01.Monster\Spider_Warrior">
      <UniqueIdentifier>{36eaf950-0862-43dd-82e7-a411950c077b}</UniqueIdentifier>
    </Filter>
    <Filter Include="02.GameObject\00. Pawn\01.Monster\Bearger">
      <UniqueIdentifier>{ce9f80e8-f600-44cf-8ba7-26a2bf49a7a4}</UniqueIdentifier>
    </Filter>
    <Filter Include="02.GameObject\00. Pawn\01.Monster\Bearger\Special Attack">
      <UniqueIdentifier>{65dfa0af-688d-47c7-a3cf-63c23b3c03fd}</UniqueIdentifier>
    </Filter>
    <Filter Include="02.GameObject\00. Pawn\01.Monster\Boarrior">
      <UniqueIdentifier>{7a67c311-4a79-4bb7-aba7-d5868e7a3419}</UniqueIdentifier>
    </Filter>
    <Filter Include="02.GameObject\00. Pawn\01.Monster\Boaron">
      <UniqueIdentifier>{c52fab07-ab75-4164-9892-a7a9a90a7316}</UniqueIdentifier>
    </Filter>
    <Filter Include="02.GameObject\00. Pawn\00.Player">
      <UniqueIdentifier>{338d1323-c14f-4477-a3c9-89e249b58e75}</UniqueIdentifier>
    </Filter>
    <Filter Include="02.GameObject\00. Pawn\00.Player\Equip_Anim">
      <UniqueIdentifier>{55813ade-5830-4af6-ac26-f780a6c7363a}</UniqueIdentifier>
    </Filter>
    <Filter Include="02.GameObject\00. Pawn\00.Player\AttackRange">
      <UniqueIdentifier>{0e69f00a-9b21-4f0c-b868-0ff35163c63a}</UniqueIdentifier>
    </Filter>
    <Filter Include="02.GameObject\00. Pawn\Bullet">
      <UniqueIdentifier>{d7427aa0-c24d-4580-858b-52ddbc1476ef}</UniqueIdentifier>
    </Filter>
    <Filter Include="96.Camera">
      <UniqueIdentifier>{107d5aff-84f1-4289-b6c9-bff96bfa8fe6}</UniqueIdentifier>
    </Filter>
    <Filter Include="96.Camera\Manager">
      <UniqueIdentifier>{04dd6a26-f0ea-486a-8d44-cdb23aafc560}</UniqueIdentifier>
    </Filter>
    <Filter Include="96.Camera\PlayerCamera">
      <UniqueIdentifier>{58a53dcf-f13d-4f0f-934a-7759acdef5a3}</UniqueIdentifier>
    </Filter>
    <Filter Include="96.Camera\FPSCamera">
      <UniqueIdentifier>{a34045c7-a795-4c0c-b725-3148f8dc9c38}</UniqueIdentifier>
    </Filter>
    <Filter Include="96.Camera\TargetCamera">
      <UniqueIdentifier>{53bab0ad-d3bd-4347-a01d-4870a2b3b26c}</UniqueIdentifier>
    </Filter>
    <Filter Include="02.GameObject\05.UnInteractive_Object\House\Spawn_Effect">
      <UniqueIdentifier>{8c741b9c-5976-4993-858d-4c3a3eb901f8}</UniqueIdentifier>
    </Filter>
    <Filter Include="02.GameObject\05.UnInteractive_Object\House\Spawn_Smoke_Effect">
      <UniqueIdentifier>{217683a5-e476-4462-b0d3-a26158d42a17}</UniqueIdentifier>
    </Filter>
    <Filter Include="02.GameObject\05.UnInteractive_Object\OtherDecoObject\Floor_Grate_Eruption">
      <UniqueIdentifier>{dc96cbbb-9f68-495a-9931-c4be7231cab9}</UniqueIdentifier>
    </Filter>
    <Filter Include="02.GameObject\00. Pawn\Totem">
      <UniqueIdentifier>{cc585df3-26be-4cdc-997c-82adabccd35f}</UniqueIdentifier>
    </Filter>
    <Filter Include="02.GameObject\98.UI\13.Mouse_">
      <UniqueIdentifier>{7dc8053d-0b09-4953-a915-757aadbf5877}</UniqueIdentifier>
    </Filter>
    <Filter Include="02.GameObject\00. Pawn\Totem\Totem_Effect">
      <UniqueIdentifier>{d21fe866-97e5-4dee-abee-6e7e4686b6ff}</UniqueIdentifier>
    </Filter>
    <Filter Include="02.GameObject\98.UI\14.Status">
      <UniqueIdentifier>{376872f1-be7c-4afe-aef9-3dda9d93fc13}</UniqueIdentifier>
    </Filter>
    <Filter Include="02.GameObject\98.UI\15.Damagepont">
      <UniqueIdentifier>{29671dbe-a68d-4f86-9bfa-270e7d79706c}</UniqueIdentifier>
    </Filter>
    <Filter Include="95.ShaderFiles">
      <UniqueIdentifier>{8d7f7ea7-9831-4cda-b767-38b07e416b1d}</UniqueIdentifier>
    </Filter>
    <Filter Include="02.GameObject\00. Pawn\01.Monster\Boarrior\ShockEffect">
      <UniqueIdentifier>{5d19ea0c-0303-4d16-af19-78963be08ee6}</UniqueIdentifier>
    </Filter>
    <Filter Include="02.GameObject\98.UI\16.ScreenEffect">
      <UniqueIdentifier>{6f1ca3f2-d465-4015-a094-9c1377e91c53}</UniqueIdentifier>
    </Filter>
  </ItemGroup>
  <ItemGroup>
    <Text Include="ReadMe.txt" />
  </ItemGroup>
  <ItemGroup>
    <ClInclude Include="..\Public\MainApp.h">
      <Filter>00.MainApp</Filter>
    </ClInclude>
    <ClInclude Include="Client.h">
      <Filter>98.Default</Filter>
    </ClInclude>
    <ClInclude Include="Resource.h">
      <Filter>98.Default</Filter>
    </ClInclude>
    <ClInclude Include="targetver.h">
      <Filter>98.Default</Filter>
    </ClInclude>
    <ClInclude Include="stdafx.h">
      <Filter>98.Default</Filter>
    </ClInclude>
    <ClInclude Include="..\Public\Client_Defines.h">
      <Filter>99.Defines</Filter>
    </ClInclude>
    <ClInclude Include="..\public\Level_Logo.h">
      <Filter>01.Levels\01. Logo</Filter>
    </ClInclude>
    <ClInclude Include="..\Public\Level_GamePlay.h">
      <Filter>01.Levels\02. GamePlay</Filter>
    </ClInclude>
    <ClInclude Include="..\Public\Level_Loading.h">
      <Filter>01.Levels\00. Loading</Filter>
    </ClInclude>
    <ClInclude Include="..\public\Loader.h">
      <Filter>01.Levels\00. Loading\Loader</Filter>
    </ClInclude>
    <ClInclude Include="..\Public\Monster.h">
      <Filter>02.GameObject\00. Pawn\01.Monster</Filter>
    </ClInclude>
    <ClInclude Include="..\Public\Terrain.h">
      <Filter>02.GameObject\03.BackGround\Terrain</Filter>
    </ClInclude>
    <ClInclude Include="..\public\Player.h">
      <Filter>02.GameObject\00. Pawn\00.Player</Filter>
    </ClInclude>
    <ClInclude Include="..\Public\Sky.h">
      <Filter>02.GameObject\03.BackGround\Sky</Filter>
    </ClInclude>
    <ClInclude Include="..\public\Tree.h">
      <Filter>02.GameObject\00. Pawn\04.Interactive_Object\Tree</Filter>
    </ClInclude>
    <ClInclude Include="..\Public\Inventory.h">
      <Filter>02.GameObject\98.UI\01. Inventory\Manager</Filter>
    </ClInclude>
    <ClInclude Include="..\public\Grass.h">
      <Filter>02.GameObject\00. Pawn\04.Interactive_Object\Grass</Filter>
    </ClInclude>
    <ClInclude Include="..\public\Boulder.h">
      <Filter>02.GameObject\00. Pawn\04.Interactive_Object\Boulder</Filter>
    </ClInclude>
    <ClInclude Include="..\public\BerryBush.h">
      <Filter>02.GameObject\00. Pawn\04.Interactive_Object\Berry Bush</Filter>
    </ClInclude>
    <ClInclude Include="..\Public\Mouse.h">
      <Filter>03.Mouse</Filter>
    </ClInclude>
    <ClInclude Include="..\Public\Water.h">
      <Filter>02.GameObject\03.BackGround\Terrain</Filter>
    </ClInclude>
    <ClInclude Include="..\Public\Equip_Animation.h">
      <Filter>02.GameObject\00. Pawn\00.Player\Equip_Anim</Filter>
    </ClInclude>
    <ClInclude Include="..\Public\Playerhp.h">
      <Filter>02.GameObject\98.UI\00. Player State\Playerhp</Filter>
    </ClInclude>
    <ClInclude Include="..\Public\Playerhp_pont.h">
      <Filter>02.GameObject\98.UI\00. Player State\Playerhp</Filter>
    </ClInclude>
    <ClInclude Include="..\Public\Playerhunger.h">
      <Filter>02.GameObject\98.UI\00. Player State\Playerhunger</Filter>
    </ClInclude>
    <ClInclude Include="..\Public\PlayerMentality.h">
      <Filter>02.GameObject\98.UI\00. Player State\PlayerMentality</Filter>
    </ClInclude>
    <ClInclude Include="..\Public\PlayerMentality_pont.h">
      <Filter>02.GameObject\98.UI\00. Player State\PlayerMentality</Filter>
    </ClInclude>
    <ClInclude Include="..\Public\Playerhunger_pont.h">
      <Filter>02.GameObject\98.UI\00. Player State\Playerhunger</Filter>
    </ClInclude>
    <ClInclude Include="..\Public\Item.h">
      <Filter>02.GameObject\00. Pawn\04.Interactive_Object\Item</Filter>
    </ClInclude>
    <ClInclude Include="..\Public\Spider.h">
      <Filter>02.GameObject\00. Pawn\01.Monster\Spider</Filter>
    </ClInclude>
    <ClInclude Include="..\Public\Bullet.h">
      <Filter>02.GameObject\00. Pawn\Bullet</Filter>
    </ClInclude>
    <ClInclude Include="..\public\Pig.h">
      <Filter>02.GameObject\00. Pawn\01.Monster\Pig</Filter>
    </ClInclude>
    <ClInclude Include="..\Public\Interactive_Object.h">
      <Filter>02.GameObject\00. Pawn\04.Interactive_Object</Filter>
    </ClInclude>
    <ClInclude Include="..\Public\MainInventory_front.h">
      <Filter>02.GameObject\98.UI\01. Inventory\Main</Filter>
    </ClInclude>
    <ClInclude Include="..\Public\MainInventory.h">
      <Filter>02.GameObject\98.UI\01. Inventory\Main</Filter>
    </ClInclude>
    <ClInclude Include="..\Public\MainInventory_back.h">
      <Filter>02.GameObject\98.UI\01. Inventory\Main</Filter>
    </ClInclude>
    <ClInclude Include="..\Public\BagInventory.h">
      <Filter>02.GameObject\98.UI\01. Inventory\Bag</Filter>
    </ClInclude>
    <ClInclude Include="..\Public\Equipment_front.h">
      <Filter>02.GameObject\98.UI\01. Inventory\Equipment</Filter>
    </ClInclude>
    <ClInclude Include="..\Public\Equipment_back.h">
      <Filter>02.GameObject\98.UI\01. Inventory\Equipment</Filter>
    </ClInclude>
    <ClInclude Include="..\Public\ParticleSystem.h">
      <Filter>02.GameObject\97.ParticleSystem</Filter>
    </ClInclude>
    <ClInclude Include="..\Public\Particle.h">
      <Filter>02.GameObject\97.ParticleSystem\Particle</Filter>
    </ClInclude>
    <ClInclude Include="..\Public\PickingMgr.h">
      <Filter>04.PickingMgr</Filter>
    </ClInclude>
    <ClInclude Include="..\Public\ToolboxMain.h">
      <Filter>02.GameObject\98.UI\02.Toolbox\00.MainToolbox</Filter>
    </ClInclude>
    <ClInclude Include="..\Public\ToolboxMain_back.h">
      <Filter>02.GameObject\98.UI\02.Toolbox\00.MainToolbox</Filter>
    </ClInclude>
    <ClInclude Include="..\Public\ToolboxMain_front.h">
      <Filter>02.GameObject\98.UI\02.Toolbox\00.MainToolbox</Filter>
    </ClInclude>
    <ClInclude Include="..\Public\ToolboxWeapon.h">
      <Filter>02.GameObject\98.UI\02.Toolbox\02.WeaponToolbox</Filter>
    </ClInclude>
    <ClInclude Include="..\Public\ToolboxWeapon_back.h">
      <Filter>02.GameObject\98.UI\02.Toolbox\02.WeaponToolbox</Filter>
    </ClInclude>
    <ClInclude Include="..\Public\ToolboxWeapon_front.h">
      <Filter>02.GameObject\98.UI\02.Toolbox\02.WeaponToolbox</Filter>
    </ClInclude>
    <ClInclude Include="..\Public\ToolboxGather.h">
      <Filter>02.GameObject\98.UI\02.Toolbox\01.GatherToolbox</Filter>
    </ClInclude>
    <ClInclude Include="..\Public\ToolboxGather_back.h">
      <Filter>02.GameObject\98.UI\02.Toolbox\01.GatherToolbox</Filter>
    </ClInclude>
    <ClInclude Include="..\Public\ToolboxGather_front.h">
      <Filter>02.GameObject\98.UI\02.Toolbox\01.GatherToolbox</Filter>
    </ClInclude>
    <ClInclude Include="..\Public\Portal.h">
      <Filter>02.GameObject\00. Pawn\04.Interactive_Object\96.Portal</Filter>
    </ClInclude>
    <ClInclude Include="..\Public\Craftmain_front.h">
      <Filter>02.GameObject\98.UI\03.Craft</Filter>
    </ClInclude>
    <ClInclude Include="..\Public\Craftmain_back.h">
      <Filter>02.GameObject\98.UI\03.Craft</Filter>
    </ClInclude>
    <ClInclude Include="..\Public\Craftmain.h">
      <Filter>02.GameObject\98.UI\03.Craft</Filter>
    </ClInclude>
    <ClInclude Include="..\Public\Craftbutton.h">
      <Filter>02.GameObject\98.UI\03.Craft</Filter>
    </ClInclude>
    <ClInclude Include="..\Public\AttackRange.h">
      <Filter>02.GameObject\00. Pawn\00.Player\AttackRange</Filter>
    </ClInclude>
    <ClInclude Include="..\Public\CraftPont.h">
      <Filter>02.GameObject\98.UI\03.Craft</Filter>
    </ClInclude>
    <ClInclude Include="..\Public\CameraManager.h">
      <Filter>96.Camera\Manager</Filter>
    </ClInclude>
    <ClInclude Include="..\Public\CameraDynamic.h">
      <Filter>96.Camera\PlayerCamera</Filter>
    </ClInclude>
    <ClInclude Include="..\Public\CameraFPS.h">
      <Filter>96.Camera\FPSCamera</Filter>
    </ClInclude>
    <ClInclude Include="..\Public\Level_Hunt.h">
      <Filter>01.Levels\03. Hunt</Filter>
    </ClInclude>
    <ClInclude Include="..\Public\Questpont.h">
      <Filter>02.GameObject\98.UI\04.Quest</Filter>
    </ClInclude>
    <ClInclude Include="..\Public\Quest.h">
      <Filter>02.GameObject\98.UI\04.Quest</Filter>
    </ClInclude>
    <ClInclude Include="..\Public\Daycount.h">
      <Filter>02.GameObject\98.UI\05.DayCount</Filter>
    </ClInclude>
    <ClInclude Include="..\Public\Talk.h">
      <Filter>02.GameObject\98.UI\06.Talk</Filter>
    </ClInclude>
    <ClInclude Include="..\Public\Pont.h">
      <Filter>02.GameObject\98.UI\01. Inventory\Main</Filter>
    </ClInclude>
    <ClInclude Include="..\Public\Line.h">
      <Filter>02.GameObject\98.UI\04.Quest</Filter>
    </ClInclude>
    <ClInclude Include="..\Public\PigKing.h">
      <Filter>02.GameObject\00. Pawn\04.Interactive_Object\NPC\Pig King</Filter>
    </ClInclude>
    <ClInclude Include="..\Public\SpiderWarrior.h">
      <Filter>02.GameObject\00. Pawn\01.Monster\Spider_Warrior</Filter>
    </ClInclude>
    <ClInclude Include="..\Public\Bearger.h">
      <Filter>02.GameObject\00. Pawn\01.Monster\Bearger</Filter>
    </ClInclude>
    <ClInclude Include="..\Public\Daycountpont.h">
      <Filter>02.GameObject\98.UI\05.DayCount</Filter>
    </ClInclude>
    <ClInclude Include="..\Public\Loadingscene.h">
      <Filter>02.GameObject\98.UI\07.Loadingscene</Filter>
    </ClInclude>
    <ClInclude Include="..\Public\Logoscene.h">
      <Filter>02.GameObject\98.UI\08.LogoScene</Filter>
    </ClInclude>
    <ClInclude Include="..\Public\ToolboxConstruct.h">
      <Filter>02.GameObject\98.UI\02.Toolbox\03.ConstructToolbox</Filter>
    </ClInclude>
    <ClInclude Include="..\Public\ToolboxConstruct_front.h">
      <Filter>02.GameObject\98.UI\02.Toolbox\03.ConstructToolbox</Filter>
    </ClInclude>
    <ClInclude Include="..\Public\ToolboxConstruct_back.h">
      <Filter>02.GameObject\98.UI\02.Toolbox\03.ConstructToolbox</Filter>
    </ClInclude>
    <ClInclude Include="..\Public\House.h">
      <Filter>02.GameObject\05.UnInteractive_Object\House</Filter>
    </ClInclude>
    <ClInclude Include="..\Public\WoodWall.h">
      <Filter>02.GameObject\05.UnInteractive_Object\Wall</Filter>
    </ClInclude>
    <ClInclude Include="..\Public\House.h">
      <Filter>02.GameObject\05.UnInteractive_Object\House</Filter>
    </ClInclude>
    <ClInclude Include="..\public\CookPot.h">
      <Filter>02.GameObject\00. Pawn\04.Interactive_Object\Cook Pot</Filter>
    </ClInclude>
    <ClInclude Include="..\public\Tent.h">
      <Filter>02.GameObject\00. Pawn\04.Interactive_Object\Tent</Filter>
    </ClInclude>
    <ClInclude Include="..\public\Special_Attack.h">
      <Filter>02.GameObject\00. Pawn\01.Monster\Bearger\Special Attack</Filter>
    </ClInclude>
    <ClInclude Include="..\Public\Skeleton.h">
      <Filter>02.GameObject\00. Pawn\04.Interactive_Object\Skeleton</Filter>
    </ClInclude>
    <ClInclude Include="..\Public\Pot_back.h">
      <Filter>02.GameObject\98.UI\09.Pot</Filter>
    </ClInclude>
    <ClInclude Include="..\Public\Pot_front.h">
      <Filter>02.GameObject\98.UI\09.Pot</Filter>
    </ClInclude>
    <ClInclude Include="..\Public\Potbutton.h">
      <Filter>02.GameObject\98.UI\09.Pot</Filter>
    </ClInclude>
    <ClInclude Include="..\Public\PotMain.h">
      <Filter>02.GameObject\98.UI\09.Pot</Filter>
    </ClInclude>
    <ClInclude Include="..\Public\Startbutton.h">
      <Filter>01.Levels\01. Logo</Filter>
    </ClInclude>
    <ClInclude Include="..\Public\Wendy.h">
      <Filter>02.GameObject\00. Pawn\04.Interactive_Object\NPC\Wendy</Filter>
    </ClInclude>
    <ClInclude Include="..\Public\Mouse_item.h">
      <Filter>02.GameObject\98.UI\13.Mouse_</Filter>
    </ClInclude>
    <ClInclude Include="..\Public\Mouse_iteminfo.h">
      <Filter>02.GameObject\98.UI\13.Mouse_</Filter>
    </ClInclude>
    <ClInclude Include="..\Public\Questbutton.h">
      <Filter>02.GameObject\98.UI\04.Quest</Filter>
    </ClInclude>
    <ClInclude Include="..\public\Carrot.h">
      <Filter>02.GameObject\00. Pawn\04.Interactive_Object\Carrot</Filter>
    </ClInclude>
    <ClInclude Include="..\Public\NPC.h">
      <Filter>02.GameObject\00. Pawn\04.Interactive_Object\NPC</Filter>
    </ClInclude>
    <ClInclude Include="..\Public\Behavior_Tree.h">
      <Filter>97.BeHavior_Tree</Filter>
    </ClInclude>
    <ClInclude Include="..\Public\BT_NPC.h">
      <Filter>97.BeHavior_Tree\01.BT_NPC</Filter>
    </ClInclude>
    <ClInclude Include="..\Public\Level_Boss.h">
      <Filter>01.Levels\05. Boss</Filter>
    </ClInclude>
    <ClInclude Include="..\public\Boarrior.h">
      <Filter>02.GameObject\00. Pawn\01.Monster\Boarrior</Filter>
    </ClInclude>
    <ClInclude Include="..\Public\ToolboxMaterial.h">
      <Filter>02.GameObject\98.UI\02.Toolbox\04.MaterialToolbox</Filter>
    </ClInclude>
    <ClInclude Include="..\Public\ToolboxMaterial_back.h">
      <Filter>02.GameObject\98.UI\02.Toolbox\04.MaterialToolbox</Filter>
    </ClInclude>
    <ClInclude Include="..\Public\ToolboxMaterial_front.h">
      <Filter>02.GameObject\98.UI\02.Toolbox\04.MaterialToolbox</Filter>
    </ClInclude>
    <ClInclude Include="..\Public\Daypont.h">
      <Filter>02.GameObject\98.UI\11.DeadUI</Filter>
    </ClInclude>
    <ClInclude Include="..\Public\Deadcountpont.h">
      <Filter>02.GameObject\98.UI\11.DeadUI</Filter>
    </ClInclude>
    <ClInclude Include="..\Public\Deadmain.h">
      <Filter>02.GameObject\98.UI\11.DeadUI</Filter>
    </ClInclude>
    <ClInclude Include="..\Public\Eatitem.h">
      <Filter>02.GameObject\98.UI\10.Eateffect</Filter>
    </ClInclude>
    <ClInclude Include="..\Public\Pawn.h">
      <Filter>02.GameObject\00. Pawn</Filter>
    </ClInclude>
    <ClInclude Include="..\Public\CameraTarget.h">
      <Filter>96.Camera\TargetCamera</Filter>
    </ClInclude>
    <ClInclude Include="..\Public\Poteffect.h">
      <Filter>02.GameObject\98.UI\12.Poteffect</Filter>
    </ClInclude>
    <ClInclude Include="..\public\Boaron.h">
      <Filter>02.GameObject\00. Pawn\01.Monster\Boaron</Filter>
    </ClInclude>
    <ClInclude Include="..\Public\Level_Maze.h">
      <Filter>01.Levels\04. Maze</Filter>
    </ClInclude>
    <ClInclude Include="..\public\SpawnEffect.h">
      <Filter>02.GameObject\05.UnInteractive_Object\House\Spawn_Effect</Filter>
    </ClInclude>
    <ClInclude Include="..\public\SpawnSmokeEffect.h">
      <Filter>02.GameObject\05.UnInteractive_Object\House\Spawn_Smoke_Effect</Filter>
    </ClInclude>
    <ClInclude Include="..\Public\DecoObject.h">
      <Filter>02.GameObject\05.UnInteractive_Object\OtherDecoObject</Filter>
    </ClInclude>
    <ClInclude Include="..\public\FloorGrateEruption.h">
      <Filter>02.GameObject\05.UnInteractive_Object\OtherDecoObject\Floor_Grate_Eruption</Filter>
    </ClInclude>
    <ClInclude Include="..\public\Totem.h">
      <Filter>02.GameObject\00. Pawn\Totem</Filter>
    </ClInclude>
    <ClInclude Include="..\Public\Mouse_Monster.h">
      <Filter>02.GameObject\98.UI\13.Mouse_</Filter>
    </ClInclude>
    <ClInclude Include="..\Public\Monsterhp_pont.h">
      <Filter>02.GameObject\98.UI\13.Mouse_</Filter>
    </ClInclude>
    <ClInclude Include="..\public\TotemEffect.h">
      <Filter>02.GameObject\00. Pawn\Totem\Totem_Effect</Filter>
    </ClInclude>
    <ClInclude Include="..\Public\Status_pont.h">
      <Filter>02.GameObject\98.UI\14.Status</Filter>
    </ClInclude>
    <ClInclude Include="..\Public\Skill_Icon.h">
      <Filter>02.GameObject\98.UI\14.Status</Filter>
    </ClInclude>
    <ClInclude Include="..\Public\Status.h">
      <Filter>02.GameObject\98.UI\14.Status</Filter>
    </ClInclude>
    <ClInclude Include="..\Public\Dmgpont.h">
      <Filter>02.GameObject\98.UI\15.Damagepont</Filter>
    </ClInclude>
    <ClInclude Include="..\public\ShockEffect.h">
      <Filter>02.GameObject\00. Pawn\01.Monster\Boarrior\ShockEffect</Filter>
    </ClInclude>
    <ClInclude Include="..\Public\ScreenEffect.h">
      <Filter>02.GameObject\98.UI\16.ScreenEffect</Filter>
    </ClInclude>
  </ItemGroup>
  <ItemGroup>
    <ClCompile Include="..\Private\MainApp.cpp">
      <Filter>00.MainApp</Filter>
    </ClCompile>
    <ClCompile Include="Client.cpp">
      <Filter>98.Default</Filter>
    </ClCompile>
    <ClCompile Include="stdafx.cpp">
      <Filter>98.Default</Filter>
    </ClCompile>
    <ClCompile Include="..\private\Level_Logo.cpp">
      <Filter>01.Levels\01. Logo</Filter>
    </ClCompile>
    <ClCompile Include="..\Private\Level_GamePlay.cpp">
      <Filter>01.Levels\02. GamePlay</Filter>
    </ClCompile>
    <ClCompile Include="..\Private\Level_Loading.cpp">
      <Filter>01.Levels\00. Loading</Filter>
    </ClCompile>
    <ClCompile Include="..\private\Loader.cpp">
      <Filter>01.Levels\00. Loading\Loader</Filter>
    </ClCompile>
    <ClCompile Include="..\Private\Monster.cpp">
      <Filter>02.GameObject\00. Pawn\01.Monster</Filter>
    </ClCompile>
    <ClCompile Include="..\Private\Terrain.cpp">
      <Filter>02.GameObject\03.BackGround\Terrain</Filter>
    </ClCompile>
    <ClCompile Include="..\private\Player.cpp">
      <Filter>02.GameObject\00. Pawn\00.Player</Filter>
    </ClCompile>
    <ClCompile Include="..\Private\Sky.cpp">
      <Filter>02.GameObject\03.BackGround\Sky</Filter>
    </ClCompile>
    <ClCompile Include="..\private\Tree.cpp">
      <Filter>02.GameObject\00. Pawn\04.Interactive_Object\Tree</Filter>
    </ClCompile>
    <ClCompile Include="..\Private\Inventory.cpp">
      <Filter>02.GameObject\98.UI\01. Inventory\Manager</Filter>
    </ClCompile>
    <ClCompile Include="..\private\Grass.cpp">
      <Filter>02.GameObject\00. Pawn\04.Interactive_Object\Grass</Filter>
    </ClCompile>
    <ClCompile Include="..\private\Boulder.cpp">
      <Filter>02.GameObject\00. Pawn\04.Interactive_Object\Boulder</Filter>
    </ClCompile>
    <ClCompile Include="..\private\BerryBush.cpp">
      <Filter>02.GameObject\00. Pawn\04.Interactive_Object\Berry Bush</Filter>
    </ClCompile>
    <ClCompile Include="..\Private\Mouse.cpp">
      <Filter>03.Mouse</Filter>
    </ClCompile>
    <ClCompile Include="..\Private\Water.cpp">
      <Filter>02.GameObject\03.BackGround\Terrain</Filter>
    </ClCompile>
    <ClCompile Include="..\Private\Equip_Animation.cpp">
      <Filter>02.GameObject\00. Pawn\00.Player\Equip_Anim</Filter>
    </ClCompile>
    <ClCompile Include="..\Private\Playerhp.cpp">
      <Filter>02.GameObject\98.UI\00. Player State\Playerhp</Filter>
    </ClCompile>
    <ClCompile Include="..\Private\Playerhp_pont.cpp">
      <Filter>02.GameObject\98.UI\00. Player State\Playerhp</Filter>
    </ClCompile>
    <ClCompile Include="..\Private\Playerhunger.cpp">
      <Filter>02.GameObject\98.UI\00. Player State\Playerhunger</Filter>
    </ClCompile>
    <ClCompile Include="..\Private\PlayerMentality.cpp">
      <Filter>02.GameObject\98.UI\00. Player State\PlayerMentality</Filter>
    </ClCompile>
    <ClCompile Include="..\Private\PlayerMentality_pont.cpp">
      <Filter>02.GameObject\98.UI\00. Player State\PlayerMentality</Filter>
    </ClCompile>
    <ClCompile Include="..\Private\Playerhunger_pont.cpp">
      <Filter>02.GameObject\98.UI\00. Player State\Playerhunger</Filter>
    </ClCompile>
    <ClCompile Include="..\Private\Item.cpp">
      <Filter>02.GameObject\00. Pawn\04.Interactive_Object\Item</Filter>
    </ClCompile>
    <ClCompile Include="..\Private\Spider.cpp">
      <Filter>02.GameObject\00. Pawn\01.Monster\Spider</Filter>
    </ClCompile>
    <ClCompile Include="..\Private\Bullet.cpp">
      <Filter>02.GameObject\00. Pawn\Bullet</Filter>
    </ClCompile>
    <ClCompile Include="..\private\Pig.cpp">
      <Filter>02.GameObject\00. Pawn\01.Monster\Pig</Filter>
    </ClCompile>
    <ClCompile Include="..\Private\Interactive_Object.cpp">
      <Filter>02.GameObject\00. Pawn\04.Interactive_Object</Filter>
    </ClCompile>
    <ClCompile Include="..\Private\MainInventory.cpp">
      <Filter>02.GameObject\98.UI\01. Inventory\Main</Filter>
    </ClCompile>
    <ClCompile Include="..\Private\MainInventory_back.cpp">
      <Filter>02.GameObject\98.UI\01. Inventory\Main</Filter>
    </ClCompile>
    <ClCompile Include="..\Private\MainInventory_front.cpp">
      <Filter>02.GameObject\98.UI\01. Inventory\Main</Filter>
    </ClCompile>
    <ClCompile Include="..\Private\BagInventory.cpp">
      <Filter>02.GameObject\98.UI\01. Inventory\Bag</Filter>
    </ClCompile>
    <ClCompile Include="..\Private\Equipment_back.cpp">
      <Filter>02.GameObject\98.UI\01. Inventory\Equipment</Filter>
    </ClCompile>
    <ClCompile Include="..\Private\Equipment_front.cpp">
      <Filter>02.GameObject\98.UI\01. Inventory\Equipment</Filter>
    </ClCompile>
    <ClCompile Include="..\Private\ParticleSystem.cpp">
      <Filter>02.GameObject\97.ParticleSystem</Filter>
    </ClCompile>
    <ClCompile Include="..\Private\Particle.cpp">
      <Filter>02.GameObject\97.ParticleSystem\Particle</Filter>
    </ClCompile>
    <ClCompile Include="..\Private\PickingMgr.cpp">
      <Filter>04.PickingMgr</Filter>
    </ClCompile>
    <ClCompile Include="..\Private\ToolboxMain.cpp">
      <Filter>02.GameObject\98.UI\02.Toolbox\00.MainToolbox</Filter>
    </ClCompile>
    <ClCompile Include="..\Private\ToolboxMain_back.cpp">
      <Filter>02.GameObject\98.UI\02.Toolbox\00.MainToolbox</Filter>
    </ClCompile>
    <ClCompile Include="..\Private\ToolboxMain_front.cpp">
      <Filter>02.GameObject\98.UI\02.Toolbox\00.MainToolbox</Filter>
    </ClCompile>
    <ClCompile Include="..\Private\ToolboxWeapon.cpp">
      <Filter>02.GameObject\98.UI\02.Toolbox\02.WeaponToolbox</Filter>
    </ClCompile>
    <ClCompile Include="..\Private\ToolboxWeapon_back.cpp">
      <Filter>02.GameObject\98.UI\02.Toolbox\02.WeaponToolbox</Filter>
    </ClCompile>
    <ClCompile Include="..\Private\ToolboxWeapon_front.cpp">
      <Filter>02.GameObject\98.UI\02.Toolbox\02.WeaponToolbox</Filter>
    </ClCompile>
    <ClCompile Include="..\Private\ToolboxGather.cpp">
      <Filter>02.GameObject\98.UI\02.Toolbox\01.GatherToolbox</Filter>
    </ClCompile>
    <ClCompile Include="..\Private\ToolboxGather_back.cpp">
      <Filter>02.GameObject\98.UI\02.Toolbox\01.GatherToolbox</Filter>
    </ClCompile>
    <ClCompile Include="..\Private\ToolboxGather_front.cpp">
      <Filter>02.GameObject\98.UI\02.Toolbox\01.GatherToolbox</Filter>
    </ClCompile>
    <ClCompile Include="..\Private\Portal.cpp">
      <Filter>02.GameObject\00. Pawn\04.Interactive_Object\96.Portal</Filter>
    </ClCompile>
    <ClCompile Include="..\Private\Craftmain_front.cpp">
      <Filter>02.GameObject\98.UI\03.Craft</Filter>
    </ClCompile>
    <ClCompile Include="..\Private\Craftmain_back.cpp">
      <Filter>02.GameObject\98.UI\03.Craft</Filter>
    </ClCompile>
    <ClCompile Include="..\Private\Craftmain.cpp">
      <Filter>02.GameObject\98.UI\03.Craft</Filter>
    </ClCompile>
    <ClCompile Include="..\Private\Craftbutton.cpp">
      <Filter>02.GameObject\98.UI\03.Craft</Filter>
    </ClCompile>
    <ClCompile Include="..\Private\AttackRange.cpp">
      <Filter>02.GameObject\00. Pawn\00.Player\AttackRange</Filter>
    </ClCompile>
    <ClCompile Include="..\Private\CraftPont.cpp">
      <Filter>02.GameObject\98.UI\03.Craft</Filter>
    </ClCompile>
    <ClCompile Include="..\Private\CameraManager.cpp">
      <Filter>96.Camera\Manager</Filter>
    </ClCompile>
    <ClCompile Include="..\Private\CameraDynamic.cpp">
      <Filter>96.Camera\PlayerCamera</Filter>
    </ClCompile>
    <ClCompile Include="..\Private\CameraFPS.cpp">
      <Filter>96.Camera\FPSCamera</Filter>
    </ClCompile>
    <ClCompile Include="..\Private\Level_Hunt.cpp">
      <Filter>01.Levels\03. Hunt</Filter>
    </ClCompile>
    <ClCompile Include="..\Private\Quest.cpp">
      <Filter>02.GameObject\98.UI\04.Quest</Filter>
    </ClCompile>
    <ClCompile Include="..\Private\Questpont.cpp">
      <Filter>02.GameObject\98.UI\04.Quest</Filter>
    </ClCompile>
    <ClCompile Include="..\Private\Daycount.cpp">
      <Filter>02.GameObject\98.UI\05.DayCount</Filter>
    </ClCompile>
    <ClCompile Include="..\Private\Talk.cpp">
      <Filter>02.GameObject\98.UI\06.Talk</Filter>
    </ClCompile>
    <ClCompile Include="..\Private\Pont.cpp">
      <Filter>02.GameObject\98.UI\01. Inventory\Main</Filter>
    </ClCompile>
    <ClCompile Include="..\Private\Line.cpp">
      <Filter>02.GameObject\98.UI\04.Quest</Filter>
    </ClCompile>
    <ClCompile Include="..\Private\PigKing.cpp">
      <Filter>02.GameObject\00. Pawn\04.Interactive_Object\NPC\Pig King</Filter>
    </ClCompile>
    <ClCompile Include="..\Private\SpiderWarrior.cpp">
      <Filter>02.GameObject\00. Pawn\01.Monster\Spider_Warrior</Filter>
    </ClCompile>
    <ClCompile Include="..\Private\Bearger.cpp">
      <Filter>02.GameObject\00. Pawn\01.Monster\Bearger</Filter>
    </ClCompile>
    <ClCompile Include="..\Private\Daycountpont.cpp">
      <Filter>02.GameObject\98.UI\05.DayCount</Filter>
    </ClCompile>
    <ClCompile Include="..\Private\Loadingscene.cpp">
      <Filter>02.GameObject\98.UI\07.Loadingscene</Filter>
    </ClCompile>
    <ClCompile Include="..\Private\Logoscene.cpp">
      <Filter>02.GameObject\98.UI\08.LogoScene</Filter>
    </ClCompile>
    <ClCompile Include="..\Private\ToolboxConstruct.cpp">
      <Filter>02.GameObject\98.UI\02.Toolbox\03.ConstructToolbox</Filter>
    </ClCompile>
    <ClCompile Include="..\Private\ToolboxConstruct_front.cpp">
      <Filter>02.GameObject\98.UI\02.Toolbox\03.ConstructToolbox</Filter>
    </ClCompile>
    <ClCompile Include="..\Private\ToolboxConstruct_back.cpp">
      <Filter>02.GameObject\98.UI\02.Toolbox\03.ConstructToolbox</Filter>
    </ClCompile>
    <ClCompile Include="..\Private\House.cpp">
      <Filter>02.GameObject\05.UnInteractive_Object\House</Filter>
    </ClCompile>
    <ClCompile Include="..\Private\WoodWall.cpp">
      <Filter>02.GameObject\05.UnInteractive_Object\Wall</Filter>
    </ClCompile>
    <ClCompile Include="..\Private\House.cpp">
      <Filter>02.GameObject\05.UnInteractive_Object\House</Filter>
    </ClCompile>
    <ClCompile Include="..\private\CookPot.cpp">
      <Filter>02.GameObject\00. Pawn\04.Interactive_Object\Cook Pot</Filter>
    </ClCompile>
    <ClCompile Include="..\private\Tent.cpp">
      <Filter>02.GameObject\00. Pawn\04.Interactive_Object\Tent</Filter>
    </ClCompile>
    <ClCompile Include="..\private\Special_Attack.cpp">
      <Filter>02.GameObject\00. Pawn\01.Monster\Bearger\Special Attack</Filter>
    </ClCompile>
    <ClCompile Include="..\Private\Skeleton.cpp">
      <Filter>02.GameObject\00. Pawn\04.Interactive_Object\Skeleton</Filter>
    </ClCompile>
    <ClCompile Include="..\Private\Pot_back.cpp">
      <Filter>02.GameObject\98.UI\09.Pot</Filter>
    </ClCompile>
    <ClCompile Include="..\Private\Pot_front.cpp">
      <Filter>02.GameObject\98.UI\09.Pot</Filter>
    </ClCompile>
    <ClCompile Include="..\Private\Potbutton.cpp">
      <Filter>02.GameObject\98.UI\09.Pot</Filter>
    </ClCompile>
    <ClCompile Include="..\Private\PotMain.cpp">
      <Filter>02.GameObject\98.UI\09.Pot</Filter>
    </ClCompile>
    <ClCompile Include="..\Private\Startbutton.cpp">
      <Filter>01.Levels\01. Logo</Filter>
    </ClCompile>
    <ClCompile Include="..\Private\Wendy.cpp">
      <Filter>02.GameObject\00. Pawn\04.Interactive_Object\NPC\Wendy</Filter>
    </ClCompile>
    <ClCompile Include="..\Private\Mouse_item.cpp">
      <Filter>02.GameObject\98.UI\13.Mouse_</Filter>
    </ClCompile>
    <ClCompile Include="..\Private\Mouse_iteminfo.cpp">
      <Filter>02.GameObject\98.UI\13.Mouse_</Filter>
    </ClCompile>
    <ClCompile Include="..\Private\Questbutton.cpp">
      <Filter>02.GameObject\98.UI\04.Quest</Filter>
    </ClCompile>
    <ClCompile Include="..\private\Carrot.cpp">
      <Filter>02.GameObject\00. Pawn\04.Interactive_Object\Carrot</Filter>
    </ClCompile>
    <ClCompile Include="..\Private\NPC.cpp">
      <Filter>02.GameObject\00. Pawn\04.Interactive_Object\NPC</Filter>
    </ClCompile>
    <ClCompile Include="..\Private\Behavior_Tree.cpp">
      <Filter>97.BeHavior_Tree</Filter>
    </ClCompile>
    <ClCompile Include="..\Private\BT_NPC.cpp">
      <Filter>97.BeHavior_Tree\01.BT_NPC</Filter>
    </ClCompile>
    <ClCompile Include="..\Private\Level_Boss.cpp">
      <Filter>01.Levels\05. Boss</Filter>
    </ClCompile>
    <ClCompile Include="..\private\Boarrior.cpp">
      <Filter>02.GameObject\00. Pawn\01.Monster\Boarrior</Filter>
    </ClCompile>
    <ClCompile Include="..\Private\ToolboxMaterial.cpp">
      <Filter>02.GameObject\98.UI\02.Toolbox\04.MaterialToolbox</Filter>
    </ClCompile>
    <ClCompile Include="..\Private\ToolboxMaterial_back.cpp">
      <Filter>02.GameObject\98.UI\02.Toolbox\04.MaterialToolbox</Filter>
    </ClCompile>
    <ClCompile Include="..\Private\ToolboxMaterial_front.cpp">
      <Filter>02.GameObject\98.UI\02.Toolbox\04.MaterialToolbox</Filter>
    </ClCompile>
    <ClCompile Include="..\Private\Daypont.cpp">
      <Filter>02.GameObject\98.UI\11.DeadUI</Filter>
    </ClCompile>
    <ClCompile Include="..\Private\Deadcountpont.cpp">
      <Filter>02.GameObject\98.UI\11.DeadUI</Filter>
    </ClCompile>
    <ClCompile Include="..\Private\Deadmain.cpp">
      <Filter>02.GameObject\98.UI\11.DeadUI</Filter>
    </ClCompile>
    <ClCompile Include="..\Private\Eatitem.cpp">
      <Filter>02.GameObject\98.UI\10.Eateffect</Filter>
    </ClCompile>
    <ClCompile Include="..\Private\Pawn.cpp">
      <Filter>02.GameObject\00. Pawn</Filter>
    </ClCompile>
    <ClCompile Include="..\Private\CameraTarget.cpp">
      <Filter>96.Camera\TargetCamera</Filter>
    </ClCompile>
    <ClCompile Include="..\Private\Poteffect.cpp">
      <Filter>02.GameObject\98.UI\12.Poteffect</Filter>
    </ClCompile>
    <ClCompile Include="..\private\Boaron.cpp">
      <Filter>02.GameObject\00. Pawn\01.Monster\Boaron</Filter>
    </ClCompile>
    <ClCompile Include="..\Private\Level_Maze.cpp">
      <Filter>01.Levels\04. Maze</Filter>
    </ClCompile>
    <ClCompile Include="..\private\SpawnEffect.cpp">
      <Filter>02.GameObject\05.UnInteractive_Object\House\Spawn_Effect</Filter>
    </ClCompile>
    <ClCompile Include="..\private\SpawnSmokeEffect.cpp">
      <Filter>02.GameObject\05.UnInteractive_Object\House\Spawn_Smoke_Effect</Filter>
    </ClCompile>
    <ClCompile Include="..\Private\DecoObject.cpp">
      <Filter>02.GameObject\05.UnInteractive_Object\OtherDecoObject</Filter>
    </ClCompile>
    <ClCompile Include="..\private\FloorGrateEruption.cpp">
      <Filter>02.GameObject\05.UnInteractive_Object\OtherDecoObject\Floor_Grate_Eruption</Filter>
    </ClCompile>
    <ClCompile Include="..\private\Totem.cpp">
      <Filter>02.GameObject\00. Pawn\Totem</Filter>
    </ClCompile>
    <ClCompile Include="..\Private\Mouse_Monster.cpp">
      <Filter>02.GameObject\98.UI\13.Mouse_</Filter>
    </ClCompile>
    <ClCompile Include="..\Private\Monsterhp_pont.cpp">
      <Filter>02.GameObject\98.UI\13.Mouse_</Filter>
    </ClCompile>
    <ClCompile Include="..\private\TotemEffect.cpp">
      <Filter>02.GameObject\00. Pawn\Totem\Totem_Effect</Filter>
    </ClCompile>
    <ClCompile Include="..\Private\Skill_Icon.cpp">
      <Filter>02.GameObject\98.UI\14.Status</Filter>
    </ClCompile>
    <ClCompile Include="..\Private\Status.cpp">
      <Filter>02.GameObject\98.UI\14.Status</Filter>
    </ClCompile>
    <ClCompile Include="..\Private\Status_pont.cpp">
      <Filter>02.GameObject\98.UI\14.Status</Filter>
    </ClCompile>
    <ClCompile Include="..\Private\Dmgpont.cpp">
      <Filter>02.GameObject\98.UI\15.Damagepont</Filter>
    </ClCompile>
    <ClCompile Include="..\private\ShockEffect.cpp">
      <Filter>02.GameObject\00. Pawn\01.Monster\Boarrior\ShockEffect</Filter>
    </ClCompile>
    <ClCompile Include="..\Private\ScreenEffect.cpp">
      <Filter>02.GameObject\98.UI\16.ScreenEffect</Filter>
    </ClCompile>
  </ItemGroup>
  <ItemGroup>
    <Image Include="Client.ico">
      <Filter>98.Default</Filter>
    </Image>
    <Image Include="small.ico">
      <Filter>98.Default</Filter>
    </Image>
  </ItemGroup>
  <ItemGroup>
    <ResourceCompile Include="Client.rc">
      <Filter>98.Default</Filter>
    </ResourceCompile>
  </ItemGroup>
  <ItemGroup>
    <Text Include="ReadMe.txt">
      <Filter>99.Defines</Filter>
    </Text>
  </ItemGroup>
  <ItemGroup>
    <FxCompile Include="..\Bin\ShaderFiles\Shader_UI.hlsl">
      <Filter>95.ShaderFiles</Filter>
    </FxCompile>
    <FxCompile Include="..\Bin\ShaderFiles\Shader_Default.hlsl">
      <Filter>95.ShaderFiles</Filter>
    </FxCompile>
    <FxCompile Include="..\Bin\ShaderFiles\Shader_Terrain.hlsl">
      <Filter>95.ShaderFiles</Filter>
    </FxCompile>
  </ItemGroup>
</Project>