<?xml version="1.0" encoding="utf-8"?>
<Project ToolsVersion="4.0" xmlns="http://schemas.microsoft.com/developer/msbuild/2003">
  <ItemGroup>
    <Filter Include="99.Defines">
      <UniqueIdentifier>{127f9ffa-dbe3-48d8-8f90-d9f2f940dde9}</UniqueIdentifier>
    </Filter>
    <Filter Include="98.Default">
      <UniqueIdentifier>{3a02a7f2-f122-4e3f-ba73-7c184c26e2ca}</UniqueIdentifier>
    </Filter>
    <Filter Include="00.MainApp">
      <UniqueIdentifier>{846a7fd6-9bff-46df-a0df-d53f7bc7bf25}</UniqueIdentifier>
    </Filter>
    <Filter Include="01.Levels">
      <UniqueIdentifier>{e376087f-2316-4210-923f-73ce86c4f3fa}</UniqueIdentifier>
    </Filter>
    <Filter Include="01.Levels\Logo">
      <UniqueIdentifier>{9cd4d860-6255-46f1-8974-5088a1d359cd}</UniqueIdentifier>
    </Filter>
    <Filter Include="01.Levels\Loading">
      <UniqueIdentifier>{d0295cc5-86a0-4de0-bd55-3e301366d030}</UniqueIdentifier>
    </Filter>
    <Filter Include="01.Levels\GamePlay">
      <UniqueIdentifier>{66f494b9-9924-420d-b47d-fe913d73777b}</UniqueIdentifier>
    </Filter>
    <Filter Include="01.Levels\Loading\Loader">
      <UniqueIdentifier>{51a8caee-15f6-46ec-a7c4-fc3ba8214797}</UniqueIdentifier>
    </Filter>
    <Filter Include="02.GameObject">
      <UniqueIdentifier>{7ef2d9ce-ece3-4860-9e4f-84f6fb56200b}</UniqueIdentifier>
    </Filter>
    <Filter Include="02.GameObject\Monster">
      <UniqueIdentifier>{04b114f1-fbdb-4517-a19d-e416023815d1}</UniqueIdentifier>
    </Filter>
    <Filter Include="02.GameObject\Terrain">
      <UniqueIdentifier>{766736ac-cf5c-45ad-94f6-40d5bd86f420}</UniqueIdentifier>
    </Filter>
    <Filter Include="02.GameObject\Camera">
      <UniqueIdentifier>{107d5aff-84f1-4289-b6c9-bff96bfa8fe6}</UniqueIdentifier>
    </Filter>
    <Filter Include="02.GameObject\Player">
      <UniqueIdentifier>{338d1323-c14f-4477-a3c9-89e249b58e75}</UniqueIdentifier>
    </Filter>
    <Filter Include="02.GameObject\Sky">
      <UniqueIdentifier>{a2194b4b-fa7c-47c2-a338-0078656411e8}</UniqueIdentifier>
    </Filter>
    <Filter Include="02.GameObject\UI">
      <UniqueIdentifier>{d9d4e8eb-8704-4d4b-b177-4121e1b49c59}</UniqueIdentifier>
    </Filter>
    <Filter Include="03.Mouse">
      <UniqueIdentifier>{22e28144-0102-4609-9f9e-e6c0be621428}</UniqueIdentifier>
    </Filter>
    <Filter Include="02.GameObject\Player\Equip_Anim">
      <UniqueIdentifier>{55813ade-5830-4af6-ac26-f780a6c7363a}</UniqueIdentifier>
    </Filter>
    <Filter Include="02.GameObject\UI\Playerhp">
      <UniqueIdentifier>{b7a321ea-c5a7-4fba-912a-3ec0f1ffff5b}</UniqueIdentifier>
    </Filter>
    <Filter Include="02.GameObject\UI\Playerhunger">
      <UniqueIdentifier>{64733c64-827d-43a7-922b-f68e5e8f330a}</UniqueIdentifier>
    </Filter>
    <Filter Include="02.GameObject\UI\PlayerMentality">
      <UniqueIdentifier>{2e42577c-a502-484f-b8e5-c72f548bafae}</UniqueIdentifier>
    </Filter>
    <Filter Include="02.GameObject\Monster\Pig">
      <UniqueIdentifier>{c2ba77b3-594b-4b1e-b0f8-323d91d764ce}</UniqueIdentifier>
    </Filter>
    <Filter Include="02.GameObject\Monster\Spider">
      <UniqueIdentifier>{2245b0c7-c591-466d-b491-b61ae6bd9526}</UniqueIdentifier>
    </Filter>
    <Filter Include="02.GameObject\Player\Bullet">
      <UniqueIdentifier>{d7427aa0-c24d-4580-858b-52ddbc1476ef}</UniqueIdentifier>
    </Filter>
    <Filter Include="02.GameObject\Interactive_Object">
      <UniqueIdentifier>{52574d39-d2d4-4693-aa57-e50a3b1fd890}</UniqueIdentifier>
    </Filter>
    <Filter Include="02.GameObject\Interactive_Object\Boulder">
      <UniqueIdentifier>{6221d872-9563-42ff-8ea3-17b1ed0ad709}</UniqueIdentifier>
    </Filter>
    <Filter Include="02.GameObject\Interactive_Object\Grass">
      <UniqueIdentifier>{f8894d0b-65b2-404a-9db2-d23f0476fe57}</UniqueIdentifier>
    </Filter>
    <Filter Include="02.GameObject\Interactive_Object\Item">
      <UniqueIdentifier>{715ff672-5fe2-4be2-b9f8-37e47a3991cd}</UniqueIdentifier>
    </Filter>
    <Filter Include="02.GameObject\Interactive_Object\Tree">
      <UniqueIdentifier>{2346487a-7d5d-4f93-80ff-5dc4b98ec1dc}</UniqueIdentifier>
    </Filter>
    <Filter Include="02.GameObject\Interactive_Object\Berry Bush">
      <UniqueIdentifier>{3218fc99-aa20-40ce-b2c6-3740becc227a}</UniqueIdentifier>
    </Filter>
  </ItemGroup>
  <ItemGroup>
    <Text Include="ReadMe.txt" />
    <Filter Include="02.GameObject\UI\Manager">
      <UniqueIdentifier>{0ce27845-1f05-42f5-9b8a-42171989412e}</UniqueIdentifier>
    </Filter>
    <Filter Include="02.GameObject\UI\Inventory">
      <UniqueIdentifier>{f59ecfce-7a20-45a1-9070-bcbd8ff0d307}</UniqueIdentifier>
    </Filter>
  </ItemGroup>
  <ItemGroup>
    <ClInclude Include="..\Public\MainApp.h">
      <Filter>00.MainApp</Filter>
    </ClInclude>
    <ClInclude Include="Client.h">
      <Filter>98.Default</Filter>
    </ClInclude>
    <ClInclude Include="Resource.h">
      <Filter>98.Default</Filter>
    </ClInclude>
    <ClInclude Include="targetver.h">
      <Filter>98.Default</Filter>
    </ClInclude>
    <ClInclude Include="stdafx.h">
      <Filter>98.Default</Filter>
    </ClInclude>
    <ClInclude Include="..\Public\Client_Defines.h">
      <Filter>99.Defines</Filter>
    </ClInclude>
    <ClInclude Include="..\public\Level_Logo.h">
      <Filter>01.Levels\Logo</Filter>
    </ClInclude>
    <ClInclude Include="..\Public\Level_GamePlay.h">
      <Filter>01.Levels\GamePlay</Filter>
    </ClInclude>
    <ClInclude Include="..\Public\Level_Loading.h">
      <Filter>01.Levels\Loading</Filter>
    </ClInclude>
    <ClInclude Include="..\public\Loader.h">
      <Filter>01.Levels\Loading\Loader</Filter>
    </ClInclude>
    <ClInclude Include="..\Public\Monster.h">
      <Filter>02.GameObject\Monster</Filter>
    </ClInclude>
    <ClInclude Include="..\Public\Terrain.h">
      <Filter>02.GameObject\Terrain</Filter>
    </ClInclude>
    <ClInclude Include="..\Public\CameraDynamic.h">
      <Filter>02.GameObject\Camera</Filter>
    </ClInclude>
    <ClInclude Include="..\public\Player.h">
      <Filter>02.GameObject\Player</Filter>
    </ClInclude>
    <ClInclude Include="..\Public\Sky.h">
      <Filter>02.GameObject\Sky</Filter>
    </ClInclude>
    <ClInclude Include="..\public\Tree.h">
      <Filter>02.GameObject\Interactive_Object\Tree</Filter>
    </ClInclude>
    <ClInclude Include="..\Public\Pont.h">
      <Filter>02.GameObject\UI</Filter>
    </ClInclude>
    <ClInclude Include="..\Public\MainInventory.h">
      <Filter>02.GameObject\UI\Inventory</Filter>
    </ClInclude>
    <ClInclude Include="..\Public\MainInventory_back.h">
      <Filter>02.GameObject\UI\Inventory</Filter>
    </ClInclude>
    <ClInclude Include="..\Public\MainInventory_front.h">
      <Filter>02.GameObject\UI\Inventory</Filter>
    </ClInclude>
    <ClInclude Include="..\Public\Inventory.h">
      <Filter>02.GameObject\UI\Manager</Filter>
    </ClInclude>
    <ClInclude Include="..\public\Grass.h">
      <Filter>02.GameObject\Interactive_Object\Grass</Filter>
    </ClInclude>
    <ClInclude Include="..\public\Boulder.h">
      <Filter>02.GameObject\Interactive_Object\Boulder</Filter>
    </ClInclude>
    <ClInclude Include="..\public\BerryBush.h">
      <Filter>02.GameObject\Interactive_Object\Berry Bush</Filter>
    </ClInclude>
    <ClInclude Include="..\Public\Equipment_front.h">
      <Filter>02.GameObject\UI\Inventory</Filter>
    </ClInclude>
    <ClInclude Include="..\Public\Equipment_back.h">
      <Filter>02.GameObject\UI\Inventory</Filter>
    </ClInclude>
    <ClInclude Include="..\Public\Mouse.h">
      <Filter>03.Mouse</Filter>
    </ClInclude>
    <ClInclude Include="..\Public\Water.h">
      <Filter>02.GameObject\Terrain</Filter>
    </ClInclude>
    <ClInclude Include="..\Public\Equip_Animation.h">
      <Filter>02.GameObject\Player\Equip_Anim</Filter>
    </ClInclude>
    <ClInclude Include="..\Public\Playerhp.h">
      <Filter>02.GameObject\UI\Playerhp</Filter>
    </ClInclude>
    <ClInclude Include="..\Public\Playerhp_pont.h">
      <Filter>02.GameObject\UI\Playerhp</Filter>
    </ClInclude>
    <ClInclude Include="..\Public\Playerhunger.h">
      <Filter>02.GameObject\UI\Playerhunger</Filter>
    </ClInclude>
    <ClInclude Include="..\Public\PlayerMentality.h">
      <Filter>02.GameObject\UI\PlayerMentality</Filter>
    </ClInclude>
    <ClInclude Include="..\Public\PlayerMentality_pont.h">
      <Filter>02.GameObject\UI\PlayerMentality</Filter>
    </ClInclude>
    <ClInclude Include="..\Public\Playerhunger_pont.h">
      <Filter>02.GameObject\UI\Playerhunger</Filter>
    </ClInclude>
    <ClInclude Include="..\Public\Item.h">
      <Filter>02.GameObject\Interactive_Object\Item</Filter>
    </ClInclude>
    <ClInclude Include="..\Public\Spider.h">
      <Filter>02.GameObject\Monster\Spider</Filter>
    </ClInclude>
    <ClInclude Include="..\Public\Bullet.h">
      <Filter>02.GameObject\Player\Bullet</Filter>
    </ClInclude>
    <ClInclude Include="..\public\Pig.h">
      <Filter>02.GameObject\Monster\Pig</Filter>
    </ClInclude>
    <ClInclude Include="..\Public\BagInventory.h">
      <Filter>02.GameObject\UI\Inventory</Filter>
    </ClInclude>
    <ClInclude Include="..\Public\Mouse_item.h">
      <Filter>03.Mouse</Filter>
    </ClInclude>
    <ClInclude Include="..\Public\Interactive_Object.h">
      <Filter>02.GameObject\Interactive_Object</Filter>
    </ClInclude>
  </ItemGroup>
  <ItemGroup>
    <ClCompile Include="..\Private\MainApp.cpp">
      <Filter>00.MainApp</Filter>
    </ClCompile>
    <ClCompile Include="Client.cpp">
      <Filter>98.Default</Filter>
    </ClCompile>
    <ClCompile Include="stdafx.cpp">
      <Filter>98.Default</Filter>
    </ClCompile>
    <ClCompile Include="..\private\Level_Logo.cpp">
      <Filter>01.Levels\Logo</Filter>
    </ClCompile>
    <ClCompile Include="..\Private\Level_GamePlay.cpp">
      <Filter>01.Levels\GamePlay</Filter>
    </ClCompile>
    <ClCompile Include="..\Private\Level_Loading.cpp">
      <Filter>01.Levels\Loading</Filter>
    </ClCompile>
    <ClCompile Include="..\private\Loader.cpp">
      <Filter>01.Levels\Loading\Loader</Filter>
    </ClCompile>
    <ClCompile Include="..\Private\Monster.cpp">
      <Filter>02.GameObject\Monster</Filter>
    </ClCompile>
    <ClCompile Include="..\Private\Terrain.cpp">
      <Filter>02.GameObject\Terrain</Filter>
    </ClCompile>
    <ClCompile Include="..\Private\CameraDynamic.cpp">
      <Filter>02.GameObject\Camera</Filter>
    </ClCompile>
    <ClCompile Include="..\private\Player.cpp">
      <Filter>02.GameObject\Player</Filter>
    </ClCompile>
    <ClCompile Include="..\Private\Sky.cpp">
      <Filter>02.GameObject\Sky</Filter>
    </ClCompile>
    <ClCompile Include="..\private\Tree.cpp">
      <Filter>02.GameObject\Interactive_Object\Tree</Filter>
    </ClCompile>
    <ClCompile Include="..\Private\Pont.cpp">
      <Filter>02.GameObject\UI</Filter>
    </ClCompile>
    <ClCompile Include="..\Private\MainInventory.cpp">
      <Filter>02.GameObject\UI\Inventory</Filter>
    </ClCompile>
    <ClCompile Include="..\Private\MainInventory_back.cpp">
      <Filter>02.GameObject\UI\Inventory</Filter>
    </ClCompile>
    <ClCompile Include="..\Private\MainInventory_front.cpp">
      <Filter>02.GameObject\UI\Inventory</Filter>
    </ClCompile>
    <ClCompile Include="..\Private\Inventory.cpp">
      <Filter>02.GameObject\UI\Manager</Filter>
    </ClCompile>
    <ClCompile Include="..\private\Grass.cpp">
      <Filter>02.GameObject\Interactive_Object\Grass</Filter>
    </ClCompile>
    <ClCompile Include="..\private\Boulder.cpp">
      <Filter>02.GameObject\Interactive_Object\Boulder</Filter>
    </ClCompile>
    <ClCompile Include="..\private\BerryBush.cpp">
      <Filter>02.GameObject\Interactive_Object\Berry Bush</Filter>
    </ClCompile>
    <ClCompile Include="..\Private\Equipment_front.cpp">
      <Filter>02.GameObject\UI\Inventory</Filter>
    </ClCompile>
    <ClCompile Include="..\Private\Equipment_back.cpp">
      <Filter>02.GameObject\UI\Inventory</Filter>
    </ClCompile>
    <ClCompile Include="..\Private\Mouse.cpp">
      <Filter>03.Mouse</Filter>
    </ClCompile>
    <ClCompile Include="..\Private\Water.cpp">
      <Filter>02.GameObject\Terrain</Filter>
    </ClCompile>
    <ClCompile Include="..\Private\Equip_Animation.cpp">
      <Filter>02.GameObject\Player\Equip_Anim</Filter>
    </ClCompile>
    <ClCompile Include="..\Private\Playerhp.cpp">
      <Filter>02.GameObject\UI\Playerhp</Filter>
    </ClCompile>
    <ClCompile Include="..\Private\Playerhp_pont.cpp">
      <Filter>02.GameObject\UI\Playerhp</Filter>
    </ClCompile>
    <ClCompile Include="..\Private\Playerhunger.cpp">
      <Filter>02.GameObject\UI\Playerhunger</Filter>
    </ClCompile>
    <ClCompile Include="..\Private\PlayerMentality.cpp">
      <Filter>02.GameObject\UI\PlayerMentality</Filter>
    </ClCompile>
    <ClCompile Include="..\Private\PlayerMentality_pont.cpp">
      <Filter>02.GameObject\UI\PlayerMentality</Filter>
    </ClCompile>
    <ClCompile Include="..\Private\Playerhunger_pont.cpp">
      <Filter>02.GameObject\UI\Playerhunger</Filter>
    </ClCompile>
    <ClCompile Include="..\Private\Item.cpp">
      <Filter>02.GameObject\Interactive_Object\Item</Filter>
    </ClCompile>
    <ClCompile Include="..\Private\Spider.cpp">
      <Filter>02.GameObject\Monster\Spider</Filter>
    </ClCompile>
    <ClCompile Include="..\Private\Bullet.cpp">
      <Filter>02.GameObject\Player\Bullet</Filter>
    </ClCompile>
    <ClCompile Include="..\private\Pig.cpp">
      <Filter>02.GameObject\Monster\Pig</Filter>
    </ClCompile>
    <ClCompile Include="..\Private\BagInventory.cpp">
      <Filter>02.GameObject\UI\Inventory</Filter>
    </ClCompile>
    <ClCompile Include="..\Private\Mouse_item.cpp">
      <Filter>03.Mouse</Filter>
    </ClCompile>
    <ClCompile Include="..\Private\Interactive_Object.cpp">
      <Filter>02.GameObject\Interactive_Object</Filter>
    </ClCompile>
  </ItemGroup>
  <ItemGroup>
    <Image Include="Client.ico">
      <Filter>98.Default</Filter>
    </Image>
    <Image Include="small.ico">
      <Filter>98.Default</Filter>
    </Image>
  </ItemGroup>
  <ItemGroup>
    <ResourceCompile Include="Client.rc">
      <Filter>98.Default</Filter>
    </ResourceCompile>
  </ItemGroup>
  <ItemGroup>
    <Text Include="ReadMe.txt">
      <Filter>99.Defines</Filter>
    </Text>
  </ItemGroup>
</Project>