<?xml version="1.0" encoding="utf-8"?>
<Project ToolsVersion="4.0" xmlns="http://schemas.microsoft.com/developer/msbuild/2003">
  <ItemGroup>
    <Filter Include="00.System">
      <UniqueIdentifier>{b408f499-dab1-46f5-9c5c-50b041166fd7}</UniqueIdentifier>
    </Filter>
    <Filter Include="01.Utility">
      <UniqueIdentifier>{6b99dc30-254c-49b5-a68b-64dc89362e29}</UniqueIdentifier>
    </Filter>
    <Filter Include="01.Utility\99.SuperClass">
      <UniqueIdentifier>{6065ef34-10b9-4992-92f3-2af525f0b68a}</UniqueIdentifier>
    </Filter>
    <Filter Include="99.Defines">
      <UniqueIdentifier>{a8ef49c9-cb0f-4272-abff-30e3db2d950e}</UniqueIdentifier>
    </Filter>
    <Filter Include="01.Utility\00.GameInstance">
      <UniqueIdentifier>{7214b60c-8b59-454f-bc4e-93aa7b30d19e}</UniqueIdentifier>
    </Filter>
    <Filter Include="01.Utility\01.Levels">
      <UniqueIdentifier>{f80bf442-2127-4ad0-9ac6-337b463d2218}</UniqueIdentifier>
    </Filter>
    <Filter Include="01.Utility\01.Levels\Manager">
      <UniqueIdentifier>{dac4d32b-7791-49a6-af04-6672566daf26}</UniqueIdentifier>
    </Filter>
    <Filter Include="01.Utility\02.GameObjects">
      <UniqueIdentifier>{73fcf5fb-ee6e-434f-a2a2-12dc92ccf134}</UniqueIdentifier>
    </Filter>
    <Filter Include="01.Utility\02.GameObjects\Manager">
      <UniqueIdentifier>{473d7f19-7530-4c27-a72f-968813b3b789}</UniqueIdentifier>
    </Filter>
    <Filter Include="01.Utility\02.GameObjects\Layer">
      <UniqueIdentifier>{bc14a2ce-e7db-496b-840a-9ad7a865ee67}</UniqueIdentifier>
    </Filter>
    <Filter Include="01.Utility\98.Timers">
      <UniqueIdentifier>{b97d9fa1-be9b-4b02-b624-9cbf18154009}</UniqueIdentifier>
    </Filter>
    <Filter Include="01.Utility\98.Timers\Manager">
      <UniqueIdentifier>{7e558478-973a-4c07-8290-a91bcfdff384}</UniqueIdentifier>
    </Filter>
    <Filter Include="01.Utility\03.Components">
      <UniqueIdentifier>{0e07b6dc-2853-4660-a8f2-a3a7302147bc}</UniqueIdentifier>
    </Filter>
    <Filter Include="01.Utility\03.Components\Renderer">
      <UniqueIdentifier>{acd26aa1-7781-4b12-b844-31713a965759}</UniqueIdentifier>
    </Filter>
    <Filter Include="01.Utility\03.Components\Manager">
      <UniqueIdentifier>{01134ca7-7a1a-4c4e-9c09-b0bae98253ac}</UniqueIdentifier>
    </Filter>
    <Filter Include="01.Utility\03.Components\VIBuffer">
      <UniqueIdentifier>{ba715f8a-778c-4ed6-9419-cff1f30e1049}</UniqueIdentifier>
    </Filter>
    <Filter Include="01.Utility\03.Components\VIBuffer\Rect">
      <UniqueIdentifier>{95c4f472-2380-4138-9c6f-81607034935e}</UniqueIdentifier>
    </Filter>
    <Filter Include="01.Utility\03.Components\Transform">
      <UniqueIdentifier>{e3fef230-2815-4b2a-aa39-d4b64358b0cf}</UniqueIdentifier>
    </Filter>
    <Filter Include="01.Utility\03.Components\Texture">
      <UniqueIdentifier>{bf41d836-c50b-472c-8f2a-2e5801d887fb}</UniqueIdentifier>
    </Filter>
    <Filter Include="01.Utility\03.Components\VIBuffer\Terrain">
      <UniqueIdentifier>{caba7704-d445-4450-8405-16fdb81142fd}</UniqueIdentifier>
    </Filter>
    <Filter Include="01.Utility\02.GameObjects\Camera">
      <UniqueIdentifier>{4b8e6a9f-cfb5-4805-9bd9-2cbfb10045a2}</UniqueIdentifier>
    </Filter>
    <Filter Include="00.System\Graphic">
      <UniqueIdentifier>{f5f6545a-f137-49d1-8e8a-c154cf630289}</UniqueIdentifier>
    </Filter>
    <Filter Include="00.System\Input">
      <UniqueIdentifier>{369a2fc9-4478-47b0-b9be-00665db8c1f1}</UniqueIdentifier>
    </Filter>
    <Filter Include="01.Utility\03.Components\VIBuffer\Cube">
      <UniqueIdentifier>{064ede57-e6f4-4af2-9b8c-52b83670cd6d}</UniqueIdentifier>
    </Filter>
    <Filter Include="01.Utility\97.Keys">
      <UniqueIdentifier>{862162d7-5e1b-486b-ad6e-e71bc2861a11}</UniqueIdentifier>
    </Filter>
    <Filter Include="01.Utility\03.Components\Collider">
      <UniqueIdentifier>{11816ccc-002f-497b-9a60-521110f52178}</UniqueIdentifier>
    </Filter>
    <Filter Include="01.Utility\04.Picking">
      <UniqueIdentifier>{ae6fb8e8-a4a4-455b-909f-0c5ee4031308}</UniqueIdentifier>
    </Filter>
    <Filter Include="01.Utility\96.SoundMgr">
      <UniqueIdentifier>{d6c928c1-659c-4723-8daa-71cf7a82c4f2}</UniqueIdentifier>
    </Filter>
    <Filter Include="01.Utility\03.Components\Collider\Manager">
      <UniqueIdentifier>{a4a7e3e8-5eb7-4b8b-a80c-ca2352fdd0b7}</UniqueIdentifier>
    </Filter>
    <Filter Include="01.Utility\95.FrustumCullingMgr">
      <UniqueIdentifier>{13f8536a-38e8-4955-aaf2-adf953d0b779}</UniqueIdentifier>
    </Filter>
    <Filter Include="01.Utility\03.Components\Collider\Collider_Rect">
      <UniqueIdentifier>{c52c9a2e-82f4-45d1-81af-e802b3e7fbf7}</UniqueIdentifier>
    </Filter>
    <Filter Include="01.Utility\03.Components\Collider\Collider_Cube">
      <UniqueIdentifier>{3fbf911b-d544-4cc0-b4cc-bf562f0288b7}</UniqueIdentifier>
    </Filter>
  </ItemGroup>
  <ItemGroup>
    <ClCompile Include="..\Private\Base.cpp">
      <Filter>01.Utility\99.SuperClass</Filter>
    </ClCompile>
    <ClCompile Include="..\private\GameInstance.cpp">
      <Filter>01.Utility\00.GameInstance</Filter>
    </ClCompile>
    <ClCompile Include="..\private\Level_Manager.cpp">
      <Filter>01.Utility\01.Levels\Manager</Filter>
    </ClCompile>
    <ClCompile Include="..\private\Level.cpp">
      <Filter>01.Utility\01.Levels</Filter>
    </ClCompile>
    <ClCompile Include="..\private\GameObject.cpp">
      <Filter>01.Utility\02.GameObjects</Filter>
    </ClCompile>
    <ClCompile Include="..\private\Object_Manager.cpp">
      <Filter>01.Utility\02.GameObjects\Manager</Filter>
    </ClCompile>
    <ClCompile Include="..\private\Layer.cpp">
      <Filter>01.Utility\02.GameObjects\Layer</Filter>
    </ClCompile>
    <ClCompile Include="..\Private\Timer.cpp">
      <Filter>01.Utility\98.Timers</Filter>
    </ClCompile>
    <ClCompile Include="..\private\Timer_Manager.cpp">
      <Filter>01.Utility\98.Timers\Manager</Filter>
    </ClCompile>
    <ClCompile Include="..\private\Component.cpp">
      <Filter>01.Utility\03.Components</Filter>
    </ClCompile>
    <ClCompile Include="..\private\Renderer.cpp">
      <Filter>01.Utility\03.Components\Renderer</Filter>
    </ClCompile>
    <ClCompile Include="..\Private\Component_Manager.cpp">
      <Filter>01.Utility\03.Components\Manager</Filter>
    </ClCompile>
    <ClCompile Include="..\private\VIBuffer.cpp">
      <Filter>01.Utility\03.Components\VIBuffer</Filter>
    </ClCompile>
    <ClCompile Include="..\private\VIBuffer_Rect.cpp">
      <Filter>01.Utility\03.Components\VIBuffer\Rect</Filter>
    </ClCompile>
    <ClCompile Include="..\Private\Transform.cpp">
      <Filter>01.Utility\03.Components\Transform</Filter>
    </ClCompile>
    <ClCompile Include="..\Private\Texture.cpp">
      <Filter>01.Utility\03.Components\Texture</Filter>
    </ClCompile>
    <ClCompile Include="..\Private\VIBuffer_Terrain.cpp">
      <Filter>01.Utility\03.Components\VIBuffer\Terrain</Filter>
    </ClCompile>
    <ClCompile Include="..\Private\Camera.cpp">
      <Filter>01.Utility\02.GameObjects\Camera</Filter>
    </ClCompile>
    <ClCompile Include="..\Private\Graphic_Device.cpp">
      <Filter>00.System\Graphic</Filter>
    </ClCompile>
    <ClCompile Include="..\Private\Input_Device.cpp">
      <Filter>00.System\Input</Filter>
    </ClCompile>
    <ClCompile Include="..\Private\VIBuffer_Cube.cpp">
      <Filter>01.Utility\03.Components\VIBuffer\Cube</Filter>
    </ClCompile>
    <ClCompile Include="..\Private\KeyMgr.cpp">
      <Filter>01.Utility\97.Keys</Filter>
    </ClCompile>
    <ClCompile Include="..\Private\Picking.cpp">
      <Filter>01.Utility\04.Picking</Filter>
    </ClCompile>
    <ClCompile Include="..\Private\Sound_Manager.cpp">
      <Filter>01.Utility\96.SoundMgr</Filter>
    </ClCompile>
    <ClCompile Include="..\Private\CullingMgr.cpp">
      <Filter>01.Utility\95.FrustumCullingMgr</Filter>
    </ClCompile>
    <ClCompile Include="..\private\Collider_Rect.cpp">
      <Filter>01.Utility\03.Components\Collider\Collider_Rect</Filter>
    </ClCompile>
    <ClCompile Include="..\Private\Collider_Cube.cpp">
      <Filter>01.Utility\03.Components\Collider\Collider_Cube</Filter>
    </ClCompile>
    <ClCompile Include="..\Private\Collider_Manager.cpp">
      <Filter>01.Utility\03.Components\Collider\Manager</Filter>
    </ClCompile>
  </ItemGroup>
  <ItemGroup>
    <ClInclude Include="..\Public\Base.h">
      <Filter>01.Utility\99.SuperClass</Filter>
    </ClInclude>
    <ClInclude Include="..\Public\Engine_Defines.h">
      <Filter>99.Defines</Filter>
    </ClInclude>
    <ClInclude Include="..\Public\Engine_Macro.h">
      <Filter>99.Defines</Filter>
    </ClInclude>
    <ClInclude Include="..\Public\Engine_Function.h">
      <Filter>99.Defines</Filter>
    </ClInclude>
    <ClInclude Include="..\Public\Engine_Struct.h">
      <Filter>99.Defines</Filter>
    </ClInclude>
    <ClInclude Include="..\public\GameInstance.h">
      <Filter>01.Utility\00.GameInstance</Filter>
    </ClInclude>
    <ClInclude Include="..\public\Level_Manager.h">
      <Filter>01.Utility\01.Levels\Manager</Filter>
    </ClInclude>
    <ClInclude Include="..\public\Level.h">
      <Filter>01.Utility\01.Levels</Filter>
    </ClInclude>
    <ClInclude Include="..\Public\Engine_Typedef.h">
      <Filter>99.Defines</Filter>
    </ClInclude>
    <ClInclude Include="..\public\GameObject.h">
      <Filter>01.Utility\02.GameObjects</Filter>
    </ClInclude>
    <ClInclude Include="..\public\Object_Manager.h">
      <Filter>01.Utility\02.GameObjects\Manager</Filter>
    </ClInclude>
    <ClInclude Include="..\public\Layer.h">
      <Filter>01.Utility\02.GameObjects\Layer</Filter>
    </ClInclude>
    <ClInclude Include="..\Public\Timer.h">
      <Filter>01.Utility\98.Timers</Filter>
    </ClInclude>
    <ClInclude Include="..\public\Timer_Manager.h">
      <Filter>01.Utility\98.Timers\Manager</Filter>
    </ClInclude>
    <ClInclude Include="..\public\Component.h">
      <Filter>01.Utility\03.Components</Filter>
    </ClInclude>
    <ClInclude Include="..\public\Renderer.h">
      <Filter>01.Utility\03.Components\Renderer</Filter>
    </ClInclude>
    <ClInclude Include="..\Public\Component_Manager.h">
      <Filter>01.Utility\03.Components\Manager</Filter>
    </ClInclude>
    <ClInclude Include="..\public\VIBuffer.h">
      <Filter>01.Utility\03.Components\VIBuffer</Filter>
    </ClInclude>
    <ClInclude Include="..\Public\Transform.h">
      <Filter>01.Utility\03.Components\Transform</Filter>
    </ClInclude>
    <ClInclude Include="..\Public\Texture.h">
      <Filter>01.Utility\03.Components\Texture</Filter>
    </ClInclude>
    <ClInclude Include="..\Public\VIBuffer_Terrain.h">
      <Filter>01.Utility\03.Components\VIBuffer\Terrain</Filter>
    </ClInclude>
    <ClInclude Include="..\Public\Camera.h">
      <Filter>01.Utility\02.GameObjects\Camera</Filter>
    </ClInclude>
    <ClInclude Include="..\Public\Graphic_Device.h">
      <Filter>00.System\Graphic</Filter>
    </ClInclude>
    <ClInclude Include="..\Public\Input_Device.h">
      <Filter>00.System\Input</Filter>
    </ClInclude>
    <ClInclude Include="..\Public\VIBuffer_Cube.h">
      <Filter>01.Utility\03.Components\VIBuffer\Cube</Filter>
    </ClInclude>
    <ClInclude Include="..\Public\KeyMgr.h">
      <Filter>01.Utility\97.Keys</Filter>
    </ClInclude>
    <ClInclude Include="..\Public\Picking.h">
      <Filter>01.Utility\04.Picking</Filter>
    </ClInclude>
    <ClInclude Include="..\Public\Sound_Manager.h">
      <Filter>01.Utility\96.SoundMgr</Filter>
    </ClInclude>
    <ClInclude Include="..\Public\CullingMgr.h">
      <Filter>01.Utility\95.FrustumCullingMgr</Filter>
    </ClInclude>
    <ClInclude Include="..\public\Collider_Rect.h">
      <Filter>01.Utility\03.Components\Collider\Collider_Rect</Filter>
    </ClInclude>
    <ClInclude Include="..\Public\Collider_Cube.h">
      <Filter>01.Utility\03.Components\Collider\Collider_Cube</Filter>
    </ClInclude>
    <ClInclude Include="..\Public\Collider_Manager.h">
      <Filter>01.Utility\03.Components\Collider\Manager</Filter>
    </ClInclude>
    <ClInclude Include="..\public\VIBuffer_Rect.h">
      <Filter>01.Utility\03.Components\VIBuffer\Rect</Filter>
    </ClInclude>
  </ItemGroup>
</Project>